Microsoft Visual Studio Solution File, Format Version 12.00
# Visual Studio Version 17
VisualStudioVersion = 17.0.31913.202
MinimumVisualStudioVersion = 10.0.40219.1
Project("{FAE04EC0-301F-11D3-BF4B-00C04F79EFBC}") = "DatabaseMcp.Core", "DatabaseMcp.Core\DatabaseMcp.Core.csproj", "{A1B2C3D4-E5F6-7890-ABCD-EF1234567890}"
EndProject
Project("{FAE04EC0-301F-11D3-BF4B-00C04F79EFBC}") = "DatabaseMcp.Server", "DatabaseMcp.Server\DatabaseMcp.Server.csproj", "{A1B2C3D4-E5F6-7890-ABCD-EF1234567891}"
EndProject
Project("{FAE04EC0-301F-11D3-BF4B-00C04F79EFBC}") = "DatabaseMcp.Client", "DatabaseMcp.Client\DatabaseMcp.Client.csproj", "{FB7A8862-C1AC-4734-9D68-A5D44DF16A8B}"
EndProject
Project("{FAE04EC0-301F-11D3-BF4B-00C04F79EFBC}") = "DatabaseMcp.Core.Tests", "DatabaseMcp.Core.Tests\DatabaseMcp.Core.Tests.csproj", "{61F1F529-3DD2-4651-790B-A01422F0F567}"
EndProject
Global
	GlobalSection(SolutionConfigurationPlatforms) = preSolution
		Debug|Any CPU = Debug|Any CPU
		Release|Any CPU = Release|Any CPU
	EndGlobalSection
	GlobalSection(ProjectConfigurationPlatforms) = postSolution
		{A1B2C3D4-E5F6-7890-ABCD-EF1234567890}.Debug|Any CPU.ActiveCfg = Debug|Any CPU
		{A1B2C3D4-E5F6-7890-ABCD-EF1234567890}.Debug|Any CPU.Build.0 = Debug|Any CPU
		{A1B2C3D4-E5F6-7890-ABCD-EF1234567890}.Release|Any CPU.ActiveCfg = Release|Any CPU
		{A1B2C3D4-E5F6-7890-ABCD-EF1234567890}.Release|Any CPU.Build.0 = Release|Any CPU
		{A1B2C3D4-E5F6-7890-ABCD-EF1234567891}.Debug|Any CPU.ActiveCfg = Debug|Any CPU
		{A1B2C3D4-E5F6-7890-ABCD-EF1234567891}.Debug|Any CPU.Build.0 = Debug|Any CPU
		{A1B2C3D4-E5F6-7890-ABCD-EF1234567891}.Release|Any CPU.ActiveCfg = Release|Any CPU
		{A1B2C3D4-E5F6-7890-ABCD-EF1234567891}.Release|Any CPU.Build.0 = Release|Any CPU
		{FB7A8862-C1AC-4734-9D68-A5D44DF16A8B}.Debug|Any CPU.ActiveCfg = Debug|Any CPU
		{FB7A8862-C1AC-4734-9D68-A5D44DF16A8B}.Debug|Any CPU.Build.0 = Debug|Any CPU
		{FB7A8862-C1AC-4734-9D68-A5D44DF16A8B}.Release|Any CPU.ActiveCfg = Release|Any CPU
		{FB7A8862-C1AC-4734-9D68-A5D44DF16A8B}.Release|Any CPU.Build.0 = Release|Any CPU
		{61F1F529-3DD2-4651-790B-A01422F0F567}.Debug|Any CPU.ActiveCfg = Debug|Any CPU
		{61F1F529-3DD2-4651-790B-A01422F0F567}.Debug|Any CPU.Build.0 = Debug|Any CPU
		{61F1F529-3DD2-4651-790B-A01422F0F567}.Release|Any CPU.ActiveCfg = Release|Any CPU
		{61F1F529-3DD2-4651-790B-A01422F0F567}.Release|Any CPU.Build.0 = Release|Any CPU
	EndGlobalSection
	GlobalSection(SolutionProperties) = preSolution
		HideSolutionNode = FALSE
	EndGlobalSection
	GlobalSection(ExtensibilityGlobals) = postSolution
		SolutionGuid = {F1BB41DF-EF45-4336-BAE6-E6A7346FC2CB}
	EndGlobalSection
EndGlobal
